
Microsoft Visual Studio Solution File, Format Version 12.00
# Visual Studio Version 17
VisualStudioVersion = 17.4.33213.308
MinimumVisualStudioVersion = 10.0.40219.1
Project("{9A19103F-16F7-4668-BE54-9A1E7A4F7556}") = "ImageAPIApplication", "ImageAPIApplication\ImageAPIApplication.csproj", "{0B1A1F1F-938F-4EC4-98A7-B122B2BDC4A6}"
EndProject
Project("{E53339B2-1760-4266-BCC7-CA923CBCF16C}") = "docker-compose", "docker-compose.dcproj", "{68460316-F2A3-4C1B-A885-B53E5970F933}"
EndProject
Global
	GlobalSection(SolutionConfigurationPlatforms) = preSolution
		Debug|Any CPU = Debug|Any CPU
		Release|Any CPU = Release|Any CPU
	EndGlobalSection
	GlobalSection(ProjectConfigurationPlatforms) = postSolution
		{0B1A1F1F-938F-4EC4-98A7-B122B2BDC4A6}.Debug|Any CPU.ActiveCfg = Debug|Any CPU
		{0B1A1F1F-938F-4EC4-98A7-B122B2BDC4A6}.Debug|Any CPU.Build.0 = Debug|Any CPU
		{0B1A1F1F-938F-4EC4-98A7-B122B2BDC4A6}.Release|Any CPU.ActiveCfg = Release|Any CPU
		{0B1A1F1F-938F-4EC4-98A7-B122B2BDC4A6}.Release|Any CPU.Build.0 = Release|Any CPU
		{68460316-F2A3-4C1B-A885-B53E5970F933}.Debug|Any CPU.ActiveCfg = Debug|Any CPU
		{68460316-F2A3-4C1B-A885-B53E5970F933}.Debug|Any CPU.Build.0 = Debug|Any CPU
		{68460316-F2A3-4C1B-A885-B53E5970F933}.Release|Any CPU.ActiveCfg = Release|Any CPU
		{68460316-F2A3-4C1B-A885-B53E5970F933}.Release|Any CPU.Build.0 = Release|Any CPU
	EndGlobalSection
	GlobalSection(SolutionProperties) = preSolution
		HideSolutionNode = FALSE
	EndGlobalSection
	GlobalSection(ExtensibilityGlobals) = postSolution
		SolutionGuid = {BF0A5D75-F112-44C8-A971-862695ECF8BA}
	EndGlobalSection
EndGlobal
